// !$*UTF8*$!
{
	archiveVersion = 1;
	classes = {
	};
	objectVersion = 46;
	objects = {

/* Begin PBXBuildFile section */
		A5FF84551E82683600E1CF3E /* main.m in Sources */ = {isa = PBXBuildFile; fileRef = A5FF84541E82683600E1CF3E /* main.m */; };
		A5FF84581E82683600E1CF3E /* AppDelegate.m in Sources */ = {isa = PBXBuildFile; fileRef = A5FF84571E82683600E1CF3E /* AppDelegate.m */; };
		A5FF845B1E82683600E1CF3E /* ViewController.m in Sources */ = {isa = PBXBuildFile; fileRef = A5FF845A1E82683600E1CF3E /* ViewController.m */; };
		A5FF845E1E82683600E1CF3E /* Main.storyboard in Resources */ = {isa = PBXBuildFile; fileRef = A5FF845C1E82683600E1CF3E /* Main.storyboard */; };
		A5FF84601E82683600E1CF3E /* Assets.xcassets in Resources */ = {isa = PBXBuildFile; fileRef = A5FF845F1E82683600E1CF3E /* Assets.xcassets */; };
		A5FF84631E82683600E1CF3E /* LaunchScreen.storyboard in Resources */ = {isa = PBXBuildFile; fileRef = A5FF84611E82683600E1CF3E /* LaunchScreen.storyboard */; };
		A5FF846E1E82683700E1CF3E /* TJTextAdverTestTests.m in Sources */ = {isa = PBXBuildFile; fileRef = A5FF846D1E82683700E1CF3E /* TJTextAdverTestTests.m */; };
		A5FF84791E82683700E1CF3E /* TJTextAdverTestUITests.m in Sources */ = {isa = PBXBuildFile; fileRef = A5FF84781E82683700E1CF3E /* TJTextAdverTestUITests.m */; };
		A5FF84891E82698300E1CF3E /* TJTextAdver.m in Sources */ = {isa = PBXBuildFile; fileRef = A5FF84881E82698300E1CF3E /* TJTextAdver.m */; };
/* End PBXBuildFile section */

/* Begin PBXContainerItemProxy section */
		A5FF846A1E82683700E1CF3E /* PBXContainerItemProxy */ = {
			isa = PBXContainerItemProxy;
			containerPortal = A5FF84481E82683600E1CF3E /* Project object */;
			proxyType = 1;
			remoteGlobalIDString = A5FF844F1E82683600E1CF3E;
			remoteInfo = TJTextAdverTest;
		};
		A5FF84751E82683700E1CF3E /* PBXContainerItemProxy */ = {
			isa = PBXContainerItemProxy;
			containerPortal = A5FF84481E82683600E1CF3E /* Project object */;
			proxyType = 1;
			remoteGlobalIDString = A5FF844F1E82683600E1CF3E;
			remoteInfo = TJTextAdverTest;
		};
/* End PBXContainerItemProxy section */

/* Begin PBXFileReference section */
		A5FF84501E82683600E1CF3E /* TJTextAdverTest.app */ = {isa = PBXFileReference; explicitFileType = wrapper.application; includeInIndex = 0; path = TJTextAdverTest.app; sourceTree = BUILT_PRODUCTS_DIR; };
		A5FF84541E82683600E1CF3E /* main.m */ = {isa = PBXFileReference; lastKnownFileType = sourcecode.c.objc; path = main.m; sourceTree = "<group>"; };
		A5FF84561E82683600E1CF3E /* AppDelegate.h */ = {isa = PBXFileReference; lastKnownFileType = sourcecode.c.h; path = AppDelegate.h; sourceTree = "<group>"; };
		A5FF84571E82683600E1CF3E /* AppDelegate.m */ = {isa = PBXFileReference; lastKnownFileType = sourcecode.c.objc; path = AppDelegate.m; sourceTree = "<group>"; };
		A5FF84591E82683600E1CF3E /* ViewController.h */ = {isa = PBXFileReference; lastKnownFileType = sourcecode.c.h; path = ViewController.h; sourceTree = "<group>"; };
		A5FF845A1E82683600E1CF3E /* ViewController.m */ = {isa = PBXFileReference; lastKnownFileType = sourcecode.c.objc; path = ViewController.m; sourceTree = "<group>"; };
		A5FF845D1E82683600E1CF3E /* Base */ = {isa = PBXFileReference; lastKnownFileType = file.storyboard; name = Base; path = Base.lproj/Main.storyboard; sourceTree = "<group>"; };
		A5FF845F1E82683600E1CF3E /* Assets.xcassets */ = {isa = PBXFileReference; lastKnownFileType = folder.assetcatalog; path = Assets.xcassets; sourceTree = "<group>"; };
		A5FF84621E82683600E1CF3E /* Base */ = {isa = PBXFileReference; lastKnownFileType = file.storyboard; name = Base; path = Base.lproj/LaunchScreen.storyboard; sourceTree = "<group>"; };
		A5FF84641E82683600E1CF3E /* Info.plist */ = {isa = PBXFileReference; lastKnownFileType = text.plist.xml; path = Info.plist; sourceTree = "<group>"; };
		A5FF84691E82683700E1CF3E /* TJTextAdverTestTests.xctest */ = {isa = PBXFileReference; explicitFileType = wrapper.cfbundle; includeInIndex = 0; path = TJTextAdverTestTests.xctest; sourceTree = BUILT_PRODUCTS_DIR; };
		A5FF846D1E82683700E1CF3E /* TJTextAdverTestTests.m */ = {isa = PBXFileReference; lastKnownFileType = sourcecode.c.objc; path = TJTextAdverTestTests.m; sourceTree = "<group>"; };
		A5FF846F1E82683700E1CF3E /* Info.plist */ = {isa = PBXFileReference; lastKnownFileType = text.plist.xml; path = Info.plist; sourceTree = "<group>"; };
		A5FF84741E82683700E1CF3E /* TJTextAdverTestUITests.xctest */ = {isa = PBXFileReference; explicitFileType = wrapper.cfbundle; includeInIndex = 0; path = TJTextAdverTestUITests.xctest; sourceTree = BUILT_PRODUCTS_DIR; };
		A5FF84781E82683700E1CF3E /* TJTextAdverTestUITests.m */ = {isa = PBXFileReference; lastKnownFileType = sourcecode.c.objc; path = TJTextAdverTestUITests.m; sourceTree = "<group>"; };
		A5FF847A1E82683700E1CF3E /* Info.plist */ = {isa = PBXFileReference; lastKnownFileType = text.plist.xml; path = Info.plist; sourceTree = "<group>"; };
		A5FF84871E82698300E1CF3E /* TJTextAdver.h */ = {isa = PBXFileReference; fileEncoding = 4; lastKnownFileType = sourcecode.c.h; path = TJTextAdver.h; sourceTree = "<group>"; };
		A5FF84881E82698300E1CF3E /* TJTextAdver.m */ = {isa = PBXFileReference; fileEncoding = 4; lastKnownFileType = sourcecode.c.objc; path = TJTextAdver.m; sourceTree = "<group>"; };
/* End PBXFileReference section */

/* Begin PBXFrameworksBuildPhase section */
		A5FF844D1E82683600E1CF3E /* Frameworks */ = {
			isa = PBXFrameworksBuildPhase;
			buildActionMask = 2147483647;
			files = (
			);
			runOnlyForDeploymentPostprocessing = 0;
		};
		A5FF84661E82683700E1CF3E /* Frameworks */ = {
			isa = PBXFrameworksBuildPhase;
			buildActionMask = 2147483647;
			files = (
			);
			runOnlyForDeploymentPostprocessing = 0;
		};
		A5FF84711E82683700E1CF3E /* Frameworks */ = {
			isa = PBXFrameworksBuildPhase;
			buildActionMask = 2147483647;
			files = (
			);
			runOnlyForDeploymentPostprocessing = 0;
		};
/* End PBXFrameworksBuildPhase section */

/* Begin PBXGroup section */
		A5FF84471E82683600E1CF3E = {
			isa = PBXGroup;
			children = (
				A5FF84861E82698300E1CF3E /* TJTextAdver */,
				A5FF84521E82683600E1CF3E /* TJTextAdverTest */,
				A5FF846C1E82683700E1CF3E /* TJTextAdverTestTests */,
				A5FF84771E82683700E1CF3E /* TJTextAdverTestUITests */,
				A5FF84511E82683600E1CF3E /* Products */,
			);
			sourceTree = "<group>";
		};
		A5FF84511E82683600E1CF3E /* Products */ = {
			isa = PBXGroup;
			children = (
				A5FF84501E82683600E1CF3E /* TJTextAdverTest.app */,
				A5FF84691E82683700E1CF3E /* TJTextAdverTestTests.xctest */,
				A5FF84741E82683700E1CF3E /* TJTextAdverTestUITests.xctest */,
			);
			name = Products;
			sourceTree = "<group>";
		};
		A5FF84521E82683600E1CF3E /* TJTextAdverTest */ = {
			isa = PBXGroup;
			children = (
				A5FF84571E82683600E1CF3E /* AppDelegate.m */,
				A5FF84561E82683600E1CF3E /* AppDelegate.h */,
				A5FF84591E82683600E1CF3E /* ViewController.h */,
				A5FF845A1E82683600E1CF3E /* ViewController.m */,
				A5FF845C1E82683600E1CF3E /* Main.storyboard */,
				A5FF845F1E82683600E1CF3E /* Assets.xcassets */,
				A5FF84611E82683600E1CF3E /* LaunchScreen.storyboard */,
				A5FF84641E82683600E1CF3E /* Info.plist */,
				A5FF84531E82683600E1CF3E /* Supporting Files */,
			);
			path = TJTextAdverTest;
			sourceTree = "<group>";
		};
		A5FF84531E82683600E1CF3E /* Supporting Files */ = {
			isa = PBXGroup;
			children = (
				A5FF84541E82683600E1CF3E /* main.m */,
			);
			name = "Supporting Files";
			sourceTree = "<group>";
		};
		A5FF846C1E82683700E1CF3E /* TJTextAdverTestTests */ = {
			isa = PBXGroup;
			children = (
				A5FF846D1E82683700E1CF3E /* TJTextAdverTestTests.m */,
				A5FF846F1E82683700E1CF3E /* Info.plist */,
			);
			path = TJTextAdverTestTests;
			sourceTree = "<group>";
		};
		A5FF84771E82683700E1CF3E /* TJTextAdverTestUITests */ = {
			isa = PBXGroup;
			children = (
				A5FF84781E82683700E1CF3E /* TJTextAdverTestUITests.m */,
				A5FF847A1E82683700E1CF3E /* Info.plist */,
			);
			path = TJTextAdverTestUITests;
			sourceTree = "<group>";
		};
		A5FF84861E82698300E1CF3E /* TJTextAdver */ = {
			isa = PBXGroup;
			children = (
				A5FF84871E82698300E1CF3E /* TJTextAdver.h */,
				A5FF84881E82698300E1CF3E /* TJTextAdver.m */,
			);
			name = TJTextAdver;
			path = TJTextAdverTest/TJTextAdver;
			sourceTree = "<group>";
		};
/* End PBXGroup section */

/* Begin PBXNativeTarget section */
		A5FF844F1E82683600E1CF3E /* TJTextAdverTest */ = {
			isa = PBXNativeTarget;
			buildConfigurationList = A5FF847D1E82683700E1CF3E /* Build configuration list for PBXNativeTarget "TJTextAdverTest" */;
			buildPhases = (
				A5FF844C1E82683600E1CF3E /* Sources */,
				A5FF844D1E82683600E1CF3E /* Frameworks */,
				A5FF844E1E82683600E1CF3E /* Resources */,
			);
			buildRules = (
			);
			dependencies = (
			);
			name = TJTextAdverTest;
			productName = TJTextAdverTest;
			productReference = A5FF84501E82683600E1CF3E /* TJTextAdverTest.app */;
			productType = "com.apple.product-type.application";
		};
		A5FF84681E82683700E1CF3E /* TJTextAdverTestTests */ = {
			isa = PBXNativeTarget;
			buildConfigurationList = A5FF84801E82683700E1CF3E /* Build configuration list for PBXNativeTarget "TJTextAdverTestTests" */;
			buildPhases = (
				A5FF84651E82683700E1CF3E /* Sources */,
				A5FF84661E82683700E1CF3E /* Frameworks */,
				A5FF84671E82683700E1CF3E /* Resources */,
			);
			buildRules = (
			);
			dependencies = (
				A5FF846B1E82683700E1CF3E /* PBXTargetDependency */,
			);
			name = TJTextAdverTestTests;
			productName = TJTextAdverTestTests;
			productReference = A5FF84691E82683700E1CF3E /* TJTextAdverTestTests.xctest */;
			productType = "com.apple.product-type.bundle.unit-test";
		};
		A5FF84731E82683700E1CF3E /* TJTextAdverTestUITests */ = {
			isa = PBXNativeTarget;
			buildConfigurationList = A5FF84831E82683700E1CF3E /* Build configuration list for PBXNativeTarget "TJTextAdverTestUITests" */;
			buildPhases = (
				A5FF84701E82683700E1CF3E /* Sources */,
				A5FF84711E82683700E1CF3E /* Frameworks */,
				A5FF84721E82683700E1CF3E /* Resources */,
			);
			buildRules = (
			);
			dependencies = (
				A5FF84761E82683700E1CF3E /* PBXTargetDependency */,
			);
			name = TJTextAdverTestUITests;
			productName = TJTextAdverTestUITests;
			productReference = A5FF84741E82683700E1CF3E /* TJTextAdverTestUITests.xctest */;
			productType = "com.apple.product-type.bundle.ui-testing";
		};
/* End PBXNativeTarget section */

/* Begin PBXProject section */
		A5FF84481E82683600E1CF3E /* Project object */ = {
			isa = PBXProject;
			attributes = {
				LastUpgradeCheck = 0820;
				ORGANIZATIONNAME = "Tang杰";
				TargetAttributes = {
					A5FF844F1E82683600E1CF3E = {
						CreatedOnToolsVersion = 8.2.1;
						DevelopmentTeam = KXQ7ZU9PU4;
						ProvisioningStyle = Automatic;
					};
					A5FF84681E82683700E1CF3E = {
						CreatedOnToolsVersion = 8.2.1;
						ProvisioningStyle = Automatic;
						TestTargetID = A5FF844F1E82683600E1CF3E;
					};
					A5FF84731E82683700E1CF3E = {
						CreatedOnToolsVersion = 8.2.1;
						ProvisioningStyle = Automatic;
						TestTargetID = A5FF844F1E82683600E1CF3E;
					};
				};
			};
			buildConfigurationList = A5FF844B1E82683600E1CF3E /* Build configuration list for PBXProject "TJTextAdverTest" */;
			compatibilityVersion = "Xcode 3.2";
			developmentRegion = English;
			hasScannedForEncodings = 0;
			knownRegions = (
				en,
				Base,
			);
			mainGroup = A5FF84471E82683600E1CF3E;
			productRefGroup = A5FF84511E82683600E1CF3E /* Products */;
			projectDirPath = "";
			projectRoot = "";
			targets = (
				A5FF844F1E82683600E1CF3E /* TJTextAdverTest */,
				A5FF84681E82683700E1CF3E /* TJTextAdverTestTests */,
				A5FF84731E82683700E1CF3E /* TJTextAdverTestUITests */,
			);
		};
/* End PBXProject section */

/* Begin PBXResourcesBuildPhase section */
		A5FF844E1E82683600E1CF3E /* Resources */ = {
			isa = PBXResourcesBuildPhase;
			buildActionMask = 2147483647;
			files = (
				A5FF84631E82683600E1CF3E /* LaunchScreen.storyboard in Resources */,
				A5FF84601E82683600E1CF3E /* Assets.xcassets in Resources */,
				A5FF845E1E82683600E1CF3E /* Main.storyboard in Resources */,
			);
			runOnlyForDeploymentPostprocessing = 0;
		};
		A5FF84671E82683700E1CF3E /* Resources */ = {
			isa = PBXResourcesBuildPhase;
			buildActionMask = 2147483647;
			files = (
			);
			runOnlyForDeploymentPostprocessing = 0;
		};
		A5FF84721E82683700E1CF3E /* Resources */ = {
			isa = PBXResourcesBuildPhase;
			buildActionMask = 2147483647;
			files = (
			);
			runOnlyForDeploymentPostprocessing = 0;
		};
/* End PBXResourcesBuildPhase section */

/* Begin PBXSourcesBuildPhase section */
		A5FF844C1E82683600E1CF3E /* Sources */ = {
			isa = PBXSourcesBuildPhase;
			buildActionMask = 2147483647;
			files = (
				A5FF845B1E82683600E1CF3E /* ViewController.m in Sources */,
				A5FF84891E82698300E1CF3E /* TJTextAdver.m in Sources */,
				A5FF84581E82683600E1CF3E /* AppDelegate.m in Sources */,
				A5FF84551E82683600E1CF3E /* main.m in Sources */,
			);
			runOnlyForDeploymentPostprocessing = 0;
		};
		A5FF84651E82683700E1CF3E /* Sources */ = {
			isa = PBXSourcesBuildPhase;
			buildActionMask = 2147483647;
			files = (
				A5FF846E1E82683700E1CF3E /* TJTextAdverTestTests.m in Sources */,
			);
			runOnlyForDeploymentPostprocessing = 0;
		};
		A5FF84701E82683700E1CF3E /* Sources */ = {
			isa = PBXSourcesBuildPhase;
			buildActionMask = 2147483647;
			files = (
				A5FF84791E82683700E1CF3E /* TJTextAdverTestUITests.m in Sources */,
			);
			runOnlyForDeploymentPostprocessing = 0;
		};
/* End PBXSourcesBuildPhase section */

/* Begin PBXTargetDependency section */
		A5FF846B1E82683700E1CF3E /* PBXTargetDependency */ = {
			isa = PBXTargetDependency;
			target = A5FF844F1E82683600E1CF3E /* TJTextAdverTest */;
			targetProxy = A5FF846A1E82683700E1CF3E /* PBXContainerItemProxy */;
		};
		A5FF84761E82683700E1CF3E /* PBXTargetDependency */ = {
			isa = PBXTargetDependency;
			target = A5FF844F1E82683600E1CF3E /* TJTextAdverTest */;
			targetProxy = A5FF84751E82683700E1CF3E /* PBXContainerItemProxy */;
		};
/* End PBXTargetDependency section */

/* Begin PBXVariantGroup section */
		A5FF845C1E82683600E1CF3E /* Main.storyboard */ = {
			isa = PBXVariantGroup;
			children = (
				A5FF845D1E82683600E1CF3E /* Base */,
			);
			name = Main.storyboard;
			sourceTree = "<group>";
		};
		A5FF84611E82683600E1CF3E /* LaunchScreen.storyboard */ = {
			isa = PBXVariantGroup;
			children = (
				A5FF84621E82683600E1CF3E /* Base */,
			);
			name = LaunchScreen.storyboard;
			sourceTree = "<group>";
		};
/* End PBXVariantGroup section */

/* Begin XCBuildConfiguration section */
		A5FF847B1E82683700E1CF3E /* Debug */ = {
			isa = XCBuildConfiguration;
			buildSettings = {
				ALWAYS_SEARCH_USER_PATHS = NO;
				CLANG_ANALYZER_NONNULL = YES;
				CLANG_CXX_LANGUAGE_STANDARD = "gnu++0x";
				CLANG_CXX_LIBRARY = "libc++";
				CLANG_ENABLE_MODULES = YES;
				CLANG_ENABLE_OBJC_ARC = YES;
				CLANG_WARN_BOOL_CONVERSION = YES;
				CLANG_WARN_CONSTANT_CONVERSION = YES;
				CLANG_WARN_DIRECT_OBJC_ISA_USAGE = YES_ERROR;
				CLANG_WARN_DOCUMENTATION_COMMENTS = YES;
				CLANG_WARN_EMPTY_BODY = YES;
				CLANG_WARN_ENUM_CONVERSION = YES;
				CLANG_WARN_INFINITE_RECURSION = YES;
				CLANG_WARN_INT_CONVERSION = YES;
				CLANG_WARN_OBJC_ROOT_CLASS = YES_ERROR;
				CLANG_WARN_SUSPICIOUS_MOVE = YES;
				CLANG_WARN_UNREACHABLE_CODE = YES;
				CLANG_WARN__DUPLICATE_METHOD_MATCH = YES;
				"CODE_SIGN_IDENTITY[sdk=iphoneos*]" = "iPhone Developer";
				COPY_PHASE_STRIP = NO;
				DEBUG_INFORMATION_FORMAT = dwarf;
				ENABLE_STRICT_OBJC_MSGSEND = YES;
				ENABLE_TESTABILITY = YES;
				GCC_C_LANGUAGE_STANDARD = gnu99;
				GCC_DYNAMIC_NO_PIC = NO;
				GCC_NO_COMMON_BLOCKS = YES;
				GCC_OPTIMIZATION_LEVEL = 0;
				GCC_PREPROCESSOR_DEFINITIONS = (
					"DEBUG=1",
					"$(inherited)",
				);
				GCC_WARN_64_TO_32_BIT_CONVERSION = YES;
				GCC_WARN_ABOUT_RETURN_TYPE = YES_ERROR;
				GCC_WARN_UNDECLARED_SELECTOR = YES;
				GCC_WARN_UNINITIALIZED_AUTOS = YES_AGGRESSIVE;
				GCC_WARN_UNUSED_FUNCTION = YES;
				GCC_WARN_UNUSED_VARIABLE = YES;
				IPHONEOS_DEPLOYMENT_TARGET = 10.2;
				MTL_ENABLE_DEBUG_INFO = YES;
				ONLY_ACTIVE_ARCH = YES;
				SDKROOT = iphoneos;
				TARGETED_DEVICE_FAMILY = "1,2";
			};
			name = Debug;
		};
		A5FF847C1E82683700E1CF3E /* Release */ = {
			isa = XCBuildConfiguration;
			buildSettings = {
				ALWAYS_SEARCH_USER_PATHS = NO;
				CLANG_ANALYZER_NONNULL = YES;
				CLANG_CXX_LANGUAGE_STANDARD = "gnu++0x";
				CLANG_CXX_LIBRARY = "libc++";
				CLANG_ENABLE_MODULES = YES;
				CLANG_ENABLE_OBJC_ARC = YES;
				CLANG_WARN_BOOL_CONVERSION = YES;
				CLANG_WARN_CONSTANT_CONVERSION = YES;
				CLANG_WARN_DIRECT_OBJC_ISA_USAGE = YES_ERROR;
				CLANG_WARN_DOCUMENTATION_COMMENTS = YES;
				CLANG_WARN_EMPTY_BODY = YES;
				CLANG_WARN_ENUM_CONVERSION = YES;
				CLANG_WARN_INFINITE_RECURSION = YES;
				CLANG_WARN_INT_CONVERSION = YES;
				CLANG_WARN_OBJC_ROOT_CLASS = YES_ERROR;
				CLANG_WARN_SUSPICIOUS_MOVE = YES;
				CLANG_WARN_UNREACHABLE_CODE = YES;
				CLANG_WARN__DUPLICATE_METHOD_MATCH = YES;
				"CODE_SIGN_IDENTITY[sdk=iphoneos*]" = "iPhone Developer";
				COPY_PHASE_STRIP = NO;
				DEBUG_INFORMATION_FORMAT = "dwarf-with-dsym";
				ENABLE_NS_ASSERTIONS = NO;
				ENABLE_STRICT_OBJC_MSGSEND = YES;
				GCC_C_LANGUAGE_STANDARD = gnu99;
				GCC_NO_COMMON_BLOCKS = YES;
				GCC_WARN_64_TO_32_BIT_CONVERSION = YES;
				GCC_WARN_ABOUT_RETURN_TYPE = YES_ERROR;
				GCC_WARN_UNDECLARED_SELECTOR = YES;
				GCC_WARN_UNINITIALIZED_AUTOS = YES_AGGRESSIVE;
				GCC_WARN_UNUSED_FUNCTION = YES;
				GCC_WARN_UNUSED_VARIABLE = YES;
				IPHONEOS_DEPLOYMENT_TARGET = 10.2;
				MTL_ENABLE_DEBUG_INFO = NO;
				SDKROOT = iphoneos;
				TARGETED_DEVICE_FAMILY = "1,2";
				VALIDATE_PRODUCT = YES;
			};
			name = Release;
		};
		A5FF847E1E82683700E1CF3E /* Debug */ = {
			isa = XCBuildConfiguration;
			buildSettings = {
				ASSETCATALOG_COMPILER_APPICON_NAME = AppIcon;
				DEVELOPMENT_TEAM = KXQ7ZU9PU4;
				INFOPLIST_FILE = TJTextAdverTest/Info.plist;
				LD_RUNPATH_SEARCH_PATHS = "$(inherited) @executable_path/Frameworks";
				PRODUCT_BUNDLE_IDENTIFIER = com.tangjie.TJTextAdverTest;
				PRODUCT_NAME = "$(TARGET_NAME)";
			};
			name = Debug;
		};
		A5FF847F1E82683700E1CF3E /* Release */ = {
			isa = XCBuildConfiguration;
			buildSettings = {
				ASSETCATALOG_COMPILER_APPICON_NAME = AppIcon;
				DEVELOPMENT_TEAM = KXQ7ZU9PU4;
				INFOPLIST_FILE = TJTextAdverTest/Info.plist;
				LD_RUNPATH_SEARCH_PATHS = "$(inherited) @executable_path/Frameworks";
				PRODUCT_BUNDLE_IDENTIFIER = com.tangjie.TJTextAdverTest;
				PRODUCT_NAME = "$(TARGET_NAME)";
			};
			name = Release;
		};
		A5FF84811E82683700E1CF3E /* Debug */ = {
			isa = XCBuildConfiguration;
			buildSettings = {
				BUNDLE_LOADER = "$(TEST_HOST)";
				INFOPLIST_FILE = TJTextAdverTestTests/Info.plist;
				LD_RUNPATH_SEARCH_PATHS = "$(inherited) @executable_path/Frameworks @loader_path/Frameworks";
				PRODUCT_BUNDLE_IDENTIFIER = com.tangjie.TJTextAdverTestTests;
				PRODUCT_NAME = "$(TARGET_NAME)";
				TEST_HOST = "$(BUILT_PRODUCTS_DIR)/TJTextAdverTest.app/TJTextAdverTest";
			};
			name = Debug;
		};
		A5FF84821E82683700E1CF3E /* Release */ = {
			isa = XCBuildConfiguration;
			buildSettings = {
				BUNDLE_LOADER = "$(TEST_HOST)";
				INFOPLIST_FILE = TJTextAdverTestTests/Info.plist;
				LD_RUNPATH_SEARCH_PATHS = "$(inherited) @executable_path/Frameworks @loader_path/Frameworks";
				PRODUCT_BUNDLE_IDENTIFIER = com.tangjie.TJTextAdverTestTests;
				PRODUCT_NAME = "$(TARGET_NAME)";
				TEST_HOST = "$(BUILT_PRODUCTS_DIR)/TJTextAdverTest.app/TJTextAdverTest";
			};
			name = Release;
		};
		A5FF84841E82683700E1CF3E /* Debug */ = {
			isa = XCBuildConfiguration;
			buildSettings = {
				INFOPLIST_FILE = TJTextAdverTestUITests/Info.plist;
				LD_RUNPATH_SEARCH_PATHS = "$(inherited) @executable_path/Frameworks @loader_path/Frameworks";
				PRODUCT_BUNDLE_IDENTIFIER = com.tangjie.TJTextAdverTestUITests;
				PRODUCT_NAME = "$(TARGET_NAME)";
				TEST_TARGET_NAME = TJTextAdverTest;
			};
			name = Debug;
		};
		A5FF84851E82683700E1CF3E /* Release */ = {
			isa = XCBuildConfiguration;
			buildSettings = {
				INFOPLIST_FILE = TJTextAdverTestUITests/Info.plist;
				LD_RUNPATH_SEARCH_PATHS = "$(inherited) @executable_path/Frameworks @loader_path/Frameworks";
				PRODUCT_BUNDLE_IDENTIFIER = com.tangjie.TJTextAdverTestUITests;
				PRODUCT_NAME = "$(TARGET_NAME)";
				TEST_TARGET_NAME = TJTextAdverTest;
			};
			name = Release;
		};
/* End XCBuildConfiguration section */

/* Begin XCConfigurationList section */
		A5FF844B1E82683600E1CF3E /* Build configuration list for PBXProject "TJTextAdverTest" */ = {
			isa = XCConfigurationList;
			buildConfigurations = (
				A5FF847B1E82683700E1CF3E /* Debug */,
				A5FF847C1E82683700E1CF3E /* Release */,
			);
			defaultConfigurationIsVisible = 0;
			defaultConfigurationName = Release;
		};
		A5FF847D1E82683700E1CF3E /* Build configuration list for PBXNativeTarget "TJTextAdverTest" */ = {
			isa = XCConfigurationList;
			buildConfigurations = (
				A5FF847E1E82683700E1CF3E /* Debug */,
				A5FF847F1E82683700E1CF3E /* Release */,
			);
			defaultConfigurationIsVisible = 0;
		};
		A5FF84801E82683700E1CF3E /* Build configuration list for PBXNativeTarget "TJTextAdverTestTests" */ = {
			isa = XCConfigurationList;
			buildConfigurations = (
				A5FF84811E82683700E1CF3E /* Debug */,
				A5FF84821E82683700E1CF3E /* Release */,
			);
			defaultConfigurationIsVisible = 0;
		};
		A5FF84831E82683700E1CF3E /* Build configuration list for PBXNativeTarget "TJTextAdverTestUITests" */ = {
			isa = XCConfigurationList;
			buildConfigurations = (
				A5FF84841E82683700E1CF3E /* Debug */,
				A5FF84851E82683700E1CF3E /* Release */,
			);
			defaultConfigurationIsVisible = 0;
		};
/* End XCConfigurationList section */
	};
	rootObject = A5FF84481E82683600E1CF3E /* Project object */;
}
